hash: b2e90c11432da59cb9c5531b41e8ba594c98987df3b62a5bfbd9e468271cba74
updated: 2017-02-09T10:53:44.907545751-08:00
imports:
- name: github.com/btcsuite/btclog
  version: 73889fb79bd687870312b6e40effcecffbd57d30
- name: github.com/btcsuite/fastsha256
  version: 637e656429416087660c84436a2a035d69d54e2e
- name: github.com/btcsuite/go-flags
  version: 1679536dcc895411a9f5848d9a0250be7856448c
- name: github.com/btcsuite/go-socks
  version: cfe8b59e565c1a5bd4e2005d77cd9aa8b2e14524
  subpackages:
  - socks
- name: github.com/btcsuite/golangcrypto
  version: 53f62d9b43e87a6c56975cf862af7edf33a8d0df
  subpackages:
  - ripemd160
- name: github.com/btcsuite/seelog
  version: 313961b101eb55f65ae0f03ddd4e322731763b6c
- name: github.com/btcsuite/websocket
  version: 31079b6807923eb23992c421b114992b95131b55
- name: github.com/dchest/blake256
  version: dee3fe6eb0e98dc774a94fc231f85baf7c29d360
- name: github.com/decred/dcrd
  version: bfc076ecf1557c370bde149daca9c35bfe74218c
  subpackages:
  - blockchain
  - blockchain/internal/dbnamespace
  - blockchain/internal/progresslog
  - blockchain/stake
  - blockchain/stake/internal/dbnamespace
  - blockchain/stake/internal/ticketdb
  - blockchain/stake/internal/tickettreap
  - chaincfg
  - chaincfg/chainec
  - chaincfg/chainhash
  - database
  - dcrec/edwards
  - dcrec/secp256k1
  - dcrec/secp256k1/schnorr
  - dcrec/secp256k1/schorr
  - dcrjson
  - txscript
  - wire
- name: github.com/decred/dcrrpcclient
  version: a1200f54d5aff356f7db4699d64ccdf2e35e2876
- name: github.com/decred/dcrutil
  version: ba0a5f399a43abc0e1a0a0442509c36f35321bce
  subpackages:
  - base58
- name: github.com/decred/dcrwallet
  version: 43620621173cdfb7997ccb10fe29321d412aa8e6
  subpackages:
  - netparams
  - walletdb
  - wtxmgr
- name: github.com/decred/ed25519
  version: b0909d3f798b97a03c9e77023f97a5301a2a7900
  subpackages:
  - edwards25519
testImports: []
